#MicroXplorer Configuration settings - do not modify
Mcu.Family=STM32L4
ProjectManager.MainLocation=Core/Src
PA0-CK_IN.GPIO_Label=WDIR
PA0-CK_IN.GPIOParameters=GPIO_Label
PA6.Mode=Full_Duplex_Master
PA15\ (JTDI).GPIOParameters=GPIO_Label
RCC.USART1Freq_Value=32000000
RCC.CortexFreq_Value=32000000
ProjectManager.KeepUserCode=true
Mcu.UserName=STM32L412KBUx
SPI1.VirtualType=VM_MASTER
PA10.GPIO_PuPd=GPIO_PULLUP
ProjectManager.functionlistsort=1-MX_GPIO_Init-GPIO-false-LL-true,2-SystemClock_Config-RCC-false-HAL-false,3-MX_ADC1_Init-ADC1-false-HAL-true,4-MX_I2C1_Init-I2C1-false-HAL-true,5-MX_SPI1_Init-SPI1-false-HAL-true
PA11.GPIOParameters=GPIO_PuPd,GPIO_Label,GPIO_ModeDefaultEXTI
PA3.GPIOParameters=GPIO_Label
PB0.GPIO_Label=RADIO_NRST
RCC.USART2Freq_Value=32000000
PA15\ (JTDI).Signal=GPIO_Output
PH3-BOOT0\ (BOOT0).Signal=GPIO_Output
PA11.GPIO_PuPd=GPIO_PULLUP
PC15-OSC32_OUT\ (PC15).Mode=LSE-External-Oscillator
PA2.GPIOParameters=GPIO_Label
PinOutPanel.RotationAngle=0
RCC.MCO1PinFreq_Value=32000000
RCC.SYSCLKSource=RCC_SYSCLKSOURCE_PLLCLK
ProjectManager.StackSize=0x400
PB5.GPIOParameters=GPIO_Label
PC14-OSC32_IN\ (PC14).Mode=LSE-External-Oscillator
RCC.I2C3Freq_Value=32000000
RCC.LPTIM1Freq_Value=32000000
Mcu.IP4=SPI1
RCC.FCLKCortexFreq_Value=32000000
Mcu.IP5=SYS
I2C1.IPParameters=Timing
Mcu.IP2=NVIC
NVIC.SVCall_IRQn=true\:0\:0\:false\:false\:false\:false\:false
Mcu.IP3=RCC
Mcu.IP0=ADC1
PA14\ (JTCK/SWCLK).Signal=SYS_JTCK-SWCLK
Mcu.IP1=I2C1
Mcu.UserConstants=
Mcu.ThirdPartyNb=0
SPI1.Direction=SPI_DIRECTION_2LINES
RCC.HCLKFreq_Value=32000000
Mcu.IPNb=6
ProjectManager.PreviousToolchain=
RCC.APB2TimFreq_Value=32000000
PB6.Signal=I2C1_SCL
PB6.Mode=I2C
SPI1.CalculateBaudRate=2.0 MBits/s
SH.ADCx_IN7.ConfNb=1
PA8.GPIOParameters=GPIO_Label
Mcu.Pin6=PA4
Mcu.Pin7=PA5
Mcu.Pin8=PA6
Mcu.Pin9=PA7
RCC.AHBFreq_Value=32000000
Mcu.Pin0=PC14-OSC32_IN (PC14)
Mcu.Pin1=PC15-OSC32_OUT (PC15)
GPIO.groupedBy=Group By Peripherals
Mcu.Pin2=PA0-CK_IN
Mcu.Pin3=PA1
Mcu.Pin4=PA2
NVIC.EXTI15_10_IRQn=true\:6\:0\:true\:false\:true\:true\:true
Mcu.Pin5=PA3
ADC1.Channel-0\#ChannelRegularConversion=ADC_CHANNEL_5
ProjectManager.ProjectBuild=false
RCC.HSE_VALUE=8000000
NVIC.UsageFault_IRQn=true\:0\:0\:false\:false\:true\:false\:false
NVIC.DebugMonitor_IRQn=true\:0\:0\:false\:false\:true\:false\:false
PA8.Locked=true
PA4.Locked=true
NVIC.SysTick_IRQn=true\:0\:0\:false\:false\:false\:false\:false
ProjectManager.FirmwarePackage=STM32Cube FW_L4 V1.16.0
PA0-CK_IN.Signal=ADCx_IN5
MxDb.Version=DB.6.0.0
PH3-BOOT0\ (BOOT0).GPIOParameters=GPIO_Label
PB0.GPIOParameters=GPIO_Label
PA1.GPIOParameters=GPIO_Label
ProjectManager.BackupPrevious=false
RCC.VCOInputFreq_Value=4000000
VP_SYS_VS_tim1.Mode=TIM1
PB1.GPIO_Label=RADIO_BUSY
SPI1.DataSize=SPI_DATASIZE_8BIT
File.Version=6
PA10.GPIO_Label=WSPEED
PB7.Signal=I2C1_SDA
PA8.Signal=GPXTI8
RCC.PLLRCLKFreq_Value=32000000
SH.GPXTI11.ConfNb=1
PB6.Locked=true
NVIC.PendSV_IRQn=true\:0\:0\:false\:false\:false\:false\:false
SH.ADCx_IN6.ConfNb=1
PA13\ (JTMS/SWDIO).Locked=true
ProjectManager.HalAssertFull=false
PB0.Locked=true
ADC1.SamplingTime-0\#ChannelRegularConversion=ADC_SAMPLETIME_2CYCLES_5
RCC.CRSFreq_Value=48000000
ProjectManager.ProjectName=chaac_v6p0
PB4\ (NJTRST).Locked=true
Mcu.Package=UFQFPN32
PB1.Signal=GPIO_Input
PA6.Signal=SPI1_MISO
NVIC.TimeBase=TIM1_UP_TIM16_IRQn
SH.GPXTI11.0=GPIO_EXTI11
PA10.GPIO_ModeDefaultEXTI=GPIO_MODE_IT_FALLING
SH.GPXTI8.0=GPIO_EXTI8
ProjectManager.ToolChainLocation=
PA2.GPIO_Label=BATT
PA14\ (JTCK/SWCLK).Locked=true
RCC.LSI_VALUE=32000
NVIC.TimeBaseIP=TIM1
SH.GPXTI8.ConfNb=1
RCC.LSCOPinFreq_Value=32000
PA10.Signal=GPXTI10
PB5.GPIO_Label=RADIO_TXEN
RCC.APB1TimFreq_Value=32000000
NVIC.BusFault_IRQn=true\:0\:0\:false\:false\:true\:false\:false
RCC.LPUART1Freq_Value=32000000
SPI1.BaudRatePrescaler=SPI_BAUDRATEPRESCALER_16
PA4.GPIO_Label=RADIO_CS
ProjectManager.CustomerFirmwarePackage=
RCC.HSI48_VALUE=48000000
PA3.Signal=GPIO_Input
PA5.Mode=Full_Duplex_Master
PA2.Locked=true
SH.GPXTI10.0=GPIO_EXTI10
RCC.MSI_VALUE=4000000
RCC.PLLQoutputFreq_Value=32000000
ProjectManager.ProjectFileName=chaac_v6p0.ioc
ADC1.Rank-0\#ChannelRegularConversion=1
PA7.Mode=Full_Duplex_Master
Mcu.PinsNb=25
ProjectManager.NoMain=true
SPI1.IPParameters=VirtualType,Mode,Direction,CalculateBaudRate,BaudRatePrescaler,DataSize
SH.ADCx_IN6.0=ADC1_IN6,IN6-Single-Ended
ADC1.IPParameters=Rank-0\#ChannelRegularConversion,Channel-0\#ChannelRegularConversion,SamplingTime-0\#ChannelRegularConversion,OffsetNumber-0\#ChannelRegularConversion,NbrOfConversionFlag,master
ADC1.OffsetNumber-0\#ChannelRegularConversion=ADC_OFFSET_NONE
PA11.GPIO_Label=RAIN
ProjectManager.DefaultFWLocation=true
PC15-OSC32_OUT\ (PC15).Signal=RCC_OSC32_OUT
ProjectManager.DeletePrevious=true
RCC.FamilyName=M
PB4\ (NJTRST).GPIOParameters=GPIO_Label
PA11.Locked=true
PA8.GPIO_Label=RADIO_DIO1
PB3\ (JTDO/TRACESWO).Locked=true
PB3\ (JTDO/TRACESWO).Signal=SYS_JTDO-SWO
ProjectManager.TargetToolchain=Makefile
SH.ADCx_IN7.0=ADC1_IN7,IN7-Single-Ended
I2C1.Timing=0x00707CBB
PB5.Locked=true
ProjectManager.RegisterCallBack=
RCC.USBFreq_Value=4000000
PA1.Signal=ADCx_IN6
PB1.Locked=true
PA5.Signal=SPI1_SCK
board=custom
RCC.VCOOutputFreq_Value=64000000
ProjectManager.LastFirmware=true
PA0-CK_IN.Locked=true
RCC.APB2Freq_Value=32000000
MxCube.Version=6.0.1
RCC.I2C1Freq_Value=32000000
VP_SYS_VS_tim1.Signal=SYS_VS_tim1
SPI1.Mode=SPI_MODE_MASTER
RCC.RNGFreq_Value=4000000
RCC.ADCFreq_Value=32000000
PA1.GPIO_Label=VSOLAR
PA10.GPIOParameters=GPIO_PuPd,GPIO_Label,GPIO_ModeDefaultEXTI
NVIC.NonMaskableInt_IRQn=true\:0\:0\:false\:false\:true\:false\:false
PA4.GPIOParameters=GPIO_Label
ProjectManager.FreePins=false
PA15\ (JTDI).GPIO_Label=SNS_3V3_EN
RCC.IPParameters=ADCFreq_Value,AHBFreq_Value,APB1Freq_Value,APB1TimFreq_Value,APB2Freq_Value,APB2TimFreq_Value,CRSFreq_Value,CortexFreq_Value,FCLKCortexFreq_Value,FamilyName,HCLKFreq_Value,HSE_VALUE,HSI48_VALUE,HSI_VALUE,I2C1Freq_Value,I2C3Freq_Value,LPTIM1Freq_Value,LPTIM2Freq_Value,LPUART1Freq_Value,LSCOPinFreq_Value,LSI_VALUE,MCO1PinFreq_Value,MSI_VALUE,PLLN,PLLQoutputFreq_Value,PLLRCLKFreq_Value,PWRFreq_Value,RNGFreq_Value,SYSCLKFreq_VALUE,SYSCLKSource,USART1Freq_Value,USART2Freq_Value,USBFreq_Value,VCOInputFreq_Value,VCOOutputFreq_Value
ProjectManager.AskForMigrate=true
Mcu.Name=STM32L412KBUx
RCC.LPTIM2Freq_Value=32000000
Mcu.Pin24=VP_SYS_VS_tim1
PA2.Signal=ADCx_IN7
ProjectManager.UnderRoot=false
PH3-BOOT0\ (BOOT0).GPIO_Label=LED1
ProjectManager.CoupleFile=true
PA4.Signal=GPIO_Output
RCC.SYSCLKFreq_VALUE=32000000
PB5.Signal=GPIO_Output
Mcu.Pin22=PB7
Mcu.Pin23=PH3-BOOT0 (BOOT0)
PA1.Locked=true
Mcu.Pin20=PB5
ADC1.master=1
Mcu.Pin21=PB6
PA3.Locked=true
PA10.Locked=true
NVIC.ForceEnableDMAVector=true
KeepUserPlacement=false
PC14-OSC32_IN\ (PC14).Signal=RCC_OSC32_IN
NVIC.MemoryManagement_IRQn=true\:0\:0\:false\:false\:true\:false\:false
ProjectManager.CompilerOptimize=6
PA11.Signal=GPXTI11
PB7.Mode=I2C
NVIC.EXTI9_5_IRQn=true\:6\:0\:true\:false\:true\:true\:true
ProjectManager.HeapSize=0x200
Mcu.Pin15=PA13 (JTMS/SWDIO)
NVIC.HardFault_IRQn=true\:0\:0\:false\:false\:true\:false\:false
Mcu.Pin16=PA14 (JTCK/SWCLK)
Mcu.Pin13=PA10
Mcu.Pin14=PA11
Mcu.Pin19=PB4 (NJTRST)
ProjectManager.ComputerToolchain=false
Mcu.Pin17=PA15 (JTDI)
RCC.HSI_VALUE=16000000
Mcu.Pin18=PB3 (JTDO/TRACESWO)
SH.ADCx_IN5.0=ADC1_IN5,IN5-Single-Ended
NVIC.TIM1_UP_TIM16_IRQn=true\:0\:0\:false\:false\:true\:false\:true
NVIC.PriorityGroup=NVIC_PRIORITYGROUP_4
ADC1.NbrOfConversionFlag=1
Mcu.Pin11=PB1
Mcu.Pin12=PA8
RCC.PLLN=16
Mcu.Pin10=PB0
SH.GPXTI10.ConfNb=1
PH3-BOOT0\ (BOOT0).Locked=true
PB7.Locked=true
RCC.PWRFreq_Value=32000000
SH.ADCx_IN5.ConfNb=1
PB4\ (NJTRST).GPIO_Label=RADIO_RXEN
PA15\ (JTDI).Locked=true
PA11.GPIO_ModeDefaultEXTI=GPIO_MODE_IT_FALLING
RCC.APB1Freq_Value=32000000
PB0.Signal=GPIO_Output
ProjectManager.DeviceId=STM32L412KBUx
ProjectManager.LibraryCopy=1
PA13\ (JTMS/SWDIO).Signal=SYS_JTMS-SWDIO
PA3.GPIO_Label=RADIO_DIO2
PB1.GPIOParameters=GPIO_Label
PA7.Signal=SPI1_MOSI
PB4\ (NJTRST).Signal=GPIO_Output
