#MicroXplorer Configuration settings - do not modify
Mcu.Family=STM32L4
RCC.MSI_VALUE=48000000
RCC.PLLSourceVirtual=RCC_PLLSOURCE_HSI
ProjectManager.MainLocation=Core/Src
USB_DEVICE.CLASS_NAME_FS=CDC
PA15\ (JTDI).GPIOParameters=GPIO_Label
RCC.PLLQoutputFreq_Value=80000000
RCC.USART1Freq_Value=80000000
ProjectManager.ProjectFileName=lora_usb.ioc
RCC.CortexFreq_Value=80000000
PA13\ (JTMS/SWDIO).Mode=Serial_Wire
ProjectManager.KeepUserCode=true
Mcu.UserName=STM32L412K8Ux
Mcu.PinsNb=11
NVIC.USB_IRQn=true\:6\:0\:true\:false\:true\:false\:true
ProjectManager.NoMain=true
USB_DEVICE.VirtualModeFS=Cdc_FS
ProjectManager.functionlistsort=1-MX_GPIO_Init-GPIO-false-HAL-true,2-SystemClock_Config-RCC-false-HAL-false,3-MX_USB_DEVICE_Init-USB_DEVICE-false-HAL-false
PA11.Mode=Device
ProjectManager.DefaultFWLocation=true
PC15-OSC32_OUT\ (PC15).Signal=RCC_OSC32_OUT
VP_SYS_VS_tim16.Mode=TIM16
RCC.USART2Freq_Value=80000000
PA15\ (JTDI).Signal=GPIO_Output
PC15-OSC32_OUT\ (PC15).Mode=LSE-External-Oscillator
ProjectManager.DeletePrevious=true
USB_DEVICE.IPParameters=VirtualMode,VirtualModeFS,CLASS_NAME_FS
PinOutPanel.RotationAngle=0
RCC.FamilyName=M
RCC.MCO1PinFreq_Value=80000000
RCC.SYSCLKSource=RCC_SYSCLKSOURCE_PLLCLK
ProjectManager.StackSize=0x400
PB5.GPIOParameters=GPIO_Label
PC14-OSC32_IN\ (PC14).Mode=LSE-External-Oscillator
RCC.I2C3Freq_Value=80000000
RCC.LPTIM1Freq_Value=80000000
Mcu.IP4=USB_DEVICE
RCC.FCLKCortexFreq_Value=80000000
NVIC.SVCall_IRQn=true\:0\:0\:false\:false\:false\:false\:false
Mcu.IP2=SYS
Mcu.IP3=USB
Mcu.IP0=NVIC
Mcu.IP1=RCC
PA14\ (JTCK/SWCLK).Signal=SYS_JTCK-SWCLK
PA12.Signal=USB_DP
Mcu.UserConstants=
PB3\ (JTDO/TRACESWO).Locked=true
PB3\ (JTDO/TRACESWO).Signal=SYS_JTDO-SWO
ProjectManager.TargetToolchain=Makefile
Mcu.ThirdPartyNb=0
RCC.HCLKFreq_Value=80000000
VP_USB_DEVICE_VS_USB_DEVICE_CDC_FS.Mode=CDC_FS
Mcu.IPNb=5
ProjectManager.PreviousToolchain=
RCC.APB2TimFreq_Value=80000000
PB5.Locked=true
Mcu.Pin6=PA15 (JTDI)
Mcu.Pin7=PB3 (JTDO/TRACESWO)
ProjectManager.RegisterCallBack=
Mcu.Pin8=PB5
RCC.USBFreq_Value=48000000
Mcu.Pin9=VP_SYS_VS_tim16
RCC.AHBFreq_Value=80000000
Mcu.Pin0=PC14-OSC32_IN (PC14)
Mcu.Pin1=PC15-OSC32_OUT (PC15)
GPIO.groupedBy=
Mcu.Pin2=PA11
Mcu.Pin3=PA12
Mcu.Pin4=PA13 (JTMS/SWDIO)
Mcu.Pin5=PA14 (JTCK/SWCLK)
ProjectManager.ProjectBuild=false
RCC.HSE_VALUE=8000000
NVIC.UsageFault_IRQn=true\:0\:0\:false\:false\:true\:false\:false
NVIC.DebugMonitor_IRQn=true\:0\:0\:false\:false\:true\:false\:false
board=custom
RCC.VCOOutputFreq_Value=160000000
NVIC.SysTick_IRQn=true\:0\:0\:false\:false\:false\:false\:false
ProjectManager.LastFirmware=true
ProjectManager.FirmwarePackage=STM32Cube FW_L4 V1.16.0
MxDb.Version=DB.6.0.0
RCC.APB2Freq_Value=80000000
ProjectManager.BackupPrevious=false
MxCube.Version=6.0.1
RCC.VCOInputFreq_Value=16000000
RCC.I2C1Freq_Value=80000000
VP_SYS_VS_tim16.Signal=SYS_VS_tim16
RCC.RNGFreq_Value=48000000
RCC.ADCFreq_Value=80000000
File.Version=6
NVIC.NonMaskableInt_IRQn=true\:0\:0\:false\:false\:true\:false\:false
PA14\ (JTCK/SWCLK).Mode=Serial_Wire
RCC.PLLRCLKFreq_Value=80000000
NVIC.PendSV_IRQn=true\:0\:0\:false\:false\:false\:false\:false
ProjectManager.FreePins=false
PA15\ (JTDI).GPIO_Label=LED1
RCC.IPParameters=ADCFreq_Value,AHBFreq_Value,APB1Freq_Value,APB1TimFreq_Value,APB2Freq_Value,APB2TimFreq_Value,CRSFreq_Value,CortexFreq_Value,FCLKCortexFreq_Value,FamilyName,HCLKFreq_Value,HSE_VALUE,HSI48_VALUE,HSI_VALUE,I2C1Freq_Value,I2C3Freq_Value,LPTIM1Freq_Value,LPTIM2Freq_Value,LPUART1Freq_Value,LSCOPinFreq_Value,LSI_VALUE,MCO1PinFreq_Value,MSIClockRange,MSI_VALUE,PLLN,PLLQoutputFreq_Value,PLLRCLKFreq_Value,PLLSourceVirtual,PWRFreq_Value,RNGFreq_Value,SYSCLKFreq_VALUE,SYSCLKSource,USART1Freq_Value,USART2Freq_Value,USBFreq_Value,VCOInputFreq_Value,VCOOutputFreq_Value
ProjectManager.AskForMigrate=true
Mcu.Name=STM32L412K8Ux
RCC.LPTIM2Freq_Value=80000000
ProjectManager.HalAssertFull=false
RCC.CRSFreq_Value=48000000
ProjectManager.ProjectName=lora_usb
ProjectManager.UnderRoot=false
ProjectManager.CoupleFile=true
RCC.SYSCLKFreq_VALUE=80000000
Mcu.Package=UFQFPN32
PB5.Signal=GPIO_Output
NVIC.TimeBase=TIM1_UP_TIM16_IRQn
PA12.Mode=Device
NVIC.ForceEnableDMAVector=true
KeepUserPlacement=false
PC14-OSC32_IN\ (PC14).Signal=RCC_OSC32_IN
NVIC.MemoryManagement_IRQn=true\:0\:0\:false\:false\:true\:false\:false
ProjectManager.CompilerOptimize=6
ProjectManager.ToolChainLocation=
RCC.LSI_VALUE=32000
PA11.Signal=USB_DM
NVIC.TimeBaseIP=TIM16
RCC.LSCOPinFreq_Value=32000
ProjectManager.HeapSize=0x200
NVIC.HardFault_IRQn=true\:0\:0\:false\:false\:true\:false\:false
VP_USB_DEVICE_VS_USB_DEVICE_CDC_FS.Signal=USB_DEVICE_VS_USB_DEVICE_CDC_FS
ProjectManager.ComputerToolchain=false
RCC.HSI_VALUE=16000000
NVIC.TIM1_UP_TIM16_IRQn=true\:0\:0\:false\:false\:true\:false\:true
NVIC.PriorityGroup=NVIC_PRIORITYGROUP_4
PB5.GPIO_Label=RADIO_TXEN
RCC.PLLN=10
Mcu.Pin10=VP_USB_DEVICE_VS_USB_DEVICE_CDC_FS
RCC.APB1TimFreq_Value=80000000
NVIC.BusFault_IRQn=true\:0\:0\:false\:false\:true\:false\:false
RCC.PWRFreq_Value=80000000
RCC.LPUART1Freq_Value=80000000
PA15\ (JTDI).Locked=true
RCC.APB1Freq_Value=80000000
USB_DEVICE.VirtualMode=Cdc
ProjectManager.CustomerFirmwarePackage=
ProjectManager.DeviceId=STM32L412K8Ux
RCC.MSIClockRange=RCC_MSIRANGE_11
ProjectManager.LibraryCopy=1
RCC.HSI48_VALUE=48000000
PA13\ (JTMS/SWDIO).Signal=SYS_JTMS-SWDIO
