#MicroXplorer Configuration settings - do not modify
ADC1.Channel-0\#ChannelRegularConversion=ADC_CHANNEL_5
ADC1.CommonPathInternal=null|null|null|null
ADC1.IPParameters=Rank-0\#ChannelRegularConversion,Channel-0\#ChannelRegularConversion,SamplingTime-0\#ChannelRegularConversion,OffsetNumber-0\#ChannelRegularConversion,NbrOfConversionFlag,master,CommonPathInternal
ADC1.NbrOfConversionFlag=1
ADC1.OffsetNumber-0\#ChannelRegularConversion=ADC_OFFSET_NONE
ADC1.Rank-0\#ChannelRegularConversion=1
ADC1.SamplingTime-0\#ChannelRegularConversion=ADC_SAMPLETIME_2CYCLES_5
ADC1.master=1
CAD.formats=
CAD.pinconfig=
CAD.provider=
File.Version=6
GPIO.groupedBy=Group By Peripherals
IWDG.IPParameters=Prescaler
IWDG.Prescaler=IWDG_PRESCALER_256
KeepUserPlacement=false
LPUART1.BaudRate=19200
LPUART1.IPParameters=BaudRate,WordLength
LPUART1.WordLength=UART_WORDLENGTH_8B
Mcu.CPN=STM32L412KBT6
Mcu.Family=STM32L4
Mcu.IP0=ADC1
Mcu.IP1=IWDG
Mcu.IP2=LPUART1
Mcu.IP3=NVIC
Mcu.IP4=RCC
Mcu.IP5=SPI1
Mcu.IP6=SYS
Mcu.IP7=USB
Mcu.IP8=USB_DEVICE
Mcu.IPNb=9
Mcu.Name=STM32L412KBTx
Mcu.Package=LQFP32
Mcu.Pin0=PC14-OSC32_IN (PC14)
Mcu.Pin1=PC15-OSC32_OUT (PC15)
Mcu.Pin10=PB0
Mcu.Pin11=PB1
Mcu.Pin12=PA8
Mcu.Pin13=PA9
Mcu.Pin14=PA11
Mcu.Pin15=PA12
Mcu.Pin16=PA13 (JTMS/SWDIO)
Mcu.Pin17=PA14 (JTCK/SWCLK)
Mcu.Pin18=PA15 (JTDI)
Mcu.Pin19=PB3 (JTDO/TRACESWO)
Mcu.Pin2=PA0-CK_IN
Mcu.Pin20=PB4 (NJTRST)
Mcu.Pin21=PB5
Mcu.Pin22=PB6
Mcu.Pin23=PB7
Mcu.Pin24=VP_IWDG_VS_IWDG
Mcu.Pin25=VP_SYS_VS_tim16
Mcu.Pin26=VP_USB_DEVICE_VS_USB_DEVICE_CDC_FS
Mcu.Pin3=PA1
Mcu.Pin4=PA2
Mcu.Pin5=PA3
Mcu.Pin6=PA4
Mcu.Pin7=PA5
Mcu.Pin8=PA6
Mcu.Pin9=PA7
Mcu.PinsNb=27
Mcu.ThirdPartyNb=0
Mcu.UserConstants=
Mcu.UserName=STM32L412KBTx
MxCube.Version=6.12.0
MxDb.Version=DB.6.0.120
NVIC.BusFault_IRQn=true\:0\:0\:false\:false\:false\:false\:false\:false
NVIC.DebugMonitor_IRQn=true\:0\:0\:false\:false\:true\:false\:false\:false
NVIC.EXTI9_5_IRQn=true\:5\:0\:true\:false\:true\:true\:true\:true
NVIC.ForceEnableDMAVector=true
NVIC.HardFault_IRQn=true\:0\:0\:false\:false\:false\:false\:false\:false
NVIC.LPUART1_IRQn=true\:5\:0\:true\:false\:true\:true\:true\:true
NVIC.MemoryManagement_IRQn=true\:0\:0\:false\:false\:false\:false\:false\:false
NVIC.NonMaskableInt_IRQn=true\:0\:0\:false\:false\:false\:false\:false\:false
NVIC.PendSV_IRQn=true\:0\:0\:false\:false\:false\:false\:false\:false
NVIC.PriorityGroup=NVIC_PRIORITYGROUP_4
NVIC.SVCall_IRQn=true\:0\:0\:false\:false\:false\:false\:false\:false
NVIC.SysTick_IRQn=true\:15\:0\:false\:false\:false\:false\:true\:false
NVIC.TIM1_UP_TIM16_IRQn=true\:15\:0\:false\:false\:true\:false\:true\:true
NVIC.TimeBase=TIM1_UP_TIM16_IRQn
NVIC.TimeBaseIP=TIM16
NVIC.USB_IRQn=true\:6\:0\:true\:false\:true\:false\:true\:true
NVIC.UsageFault_IRQn=true\:0\:0\:false\:false\:false\:false\:false\:false
PA0-CK_IN.GPIOParameters=GPIO_Label
PA0-CK_IN.GPIO_Label=BATT
PA0-CK_IN.Signal=ADCx_IN5
PA1.GPIOParameters=GPIO_Label
PA1.GPIO_Label=SOLAR
PA1.Signal=ADCx_IN6
PA11.Mode=Device
PA11.Signal=USB_DM
PA12.Mode=Device
PA12.Signal=USB_DP
PA13\ (JTMS/SWDIO).Mode=Serial_Wire
PA13\ (JTMS/SWDIO).Signal=SYS_JTMS-SWDIO
PA14\ (JTCK/SWCLK).Mode=Serial_Wire
PA14\ (JTCK/SWCLK).Signal=SYS_JTCK-SWCLK
PA15\ (JTDI).GPIOParameters=GPIO_Label
PA15\ (JTDI).GPIO_Label=LED2
PA15\ (JTDI).Locked=true
PA15\ (JTDI).Signal=GPIO_Output
PA2.Mode=Asynchronous
PA2.Signal=LPUART1_TX
PA3.Mode=Asynchronous
PA3.Signal=LPUART1_RX
PA4.GPIOParameters=GPIO_Label
PA4.GPIO_Label=RADIO_CS
PA4.Locked=true
PA4.Signal=GPIO_Output
PA5.Mode=Full_Duplex_Master
PA5.Signal=SPI1_SCK
PA6.Mode=Full_Duplex_Master
PA6.Signal=SPI1_MISO
PA7.Mode=Full_Duplex_Master
PA7.Signal=SPI1_MOSI
PA8.GPIOParameters=GPIO_Label
PA8.GPIO_Label=RADIO_DIO1
PA8.Locked=true
PA8.Signal=GPXTI8
PA9.GPIOParameters=GPIO_Label
PA9.GPIO_Label=RADIO_DIO2
PA9.Locked=true
PA9.Signal=GPIO_Input
PB0.GPIOParameters=GPIO_Label
PB0.GPIO_Label=RS232_EN
PB0.Locked=true
PB0.Signal=GPIO_Output
PB1.GPIOParameters=GPIO_Label
PB1.GPIO_Label=NINVALID
PB1.Locked=true
PB1.Signal=GPIO_Input
PB3\ (JTDO/TRACESWO).GPIOParameters=GPIO_Label
PB3\ (JTDO/TRACESWO).GPIO_Label=LED1
PB3\ (JTDO/TRACESWO).Locked=true
PB3\ (JTDO/TRACESWO).Signal=GPIO_Output
PB4\ (NJTRST).GPIOParameters=GPIO_Label
PB4\ (NJTRST).GPIO_Label=RADIO_RXEN
PB4\ (NJTRST).Locked=true
PB4\ (NJTRST).Signal=GPIO_Output
PB5.GPIOParameters=GPIO_Label
PB5.GPIO_Label=RADIO_TXEN
PB5.Locked=true
PB5.Signal=GPIO_Output
PB6.GPIOParameters=GPIO_Label
PB6.GPIO_Label=RADIO_NRST
PB6.Locked=true
PB6.Signal=GPIO_Output
PB7.GPIOParameters=GPIO_Label
PB7.GPIO_Label=RADIO_BUSY
PB7.Locked=true
PB7.Signal=GPIO_Input
PC14-OSC32_IN\ (PC14).Mode=LSE-External-Oscillator
PC14-OSC32_IN\ (PC14).Signal=RCC_OSC32_IN
PC15-OSC32_OUT\ (PC15).Mode=LSE-External-Oscillator
PC15-OSC32_OUT\ (PC15).Signal=RCC_OSC32_OUT
PinOutPanel.RotationAngle=0
ProjectManager.AskForMigrate=true
ProjectManager.BackupPrevious=false
ProjectManager.CompilerOptimize=6
ProjectManager.ComputerToolchain=false
ProjectManager.CoupleFile=true
ProjectManager.CustomerFirmwarePackage=
ProjectManager.DefaultFWLocation=true
ProjectManager.DeletePrevious=true
ProjectManager.DeviceId=STM32L412KBTx
ProjectManager.FirmwarePackage=STM32Cube FW_L4 V1.18.0
ProjectManager.FreePins=false
ProjectManager.HalAssertFull=false
ProjectManager.HeapSize=0x200
ProjectManager.KeepUserCode=true
ProjectManager.LastFirmware=true
ProjectManager.LibraryCopy=1
ProjectManager.MainLocation=Core/Src
ProjectManager.NoMain=true
ProjectManager.PreviousToolchain=
ProjectManager.ProjectBuild=false
ProjectManager.ProjectFileName=chaac_v7p0.ioc
ProjectManager.ProjectName=chaac_v7p0
ProjectManager.ProjectStructure=
ProjectManager.RegisterCallBack=
ProjectManager.StackSize=0x400
ProjectManager.TargetToolchain=Makefile
ProjectManager.ToolChainLocation=
ProjectManager.UAScriptAfterPath=
ProjectManager.UAScriptBeforePath=
ProjectManager.UnderRoot=false
ProjectManager.functionlistsort=1-SystemClock_Config-RCC-false-HAL-false,2-MX_GPIO_Init-GPIO-false-LL-true,3-MX_ADC1_Init-ADC1-false-HAL-true,4-MX_LPUART1_UART_Init-LPUART1-false-LL-true,5-MX_SPI1_Init-SPI1-false-HAL-true,6-MX_USB_DEVICE_Init-USB_DEVICE-false-HAL-false,7-MX_IWDG_Init-IWDG-false-HAL-true
RCC.ADCFreq_Value=32000000
RCC.AHBFreq_Value=32000000
RCC.APB1Freq_Value=32000000
RCC.APB1TimFreq_Value=32000000
RCC.APB2Freq_Value=32000000
RCC.APB2TimFreq_Value=32000000
RCC.CK48CLockSelection=RCC_USBCLKSOURCE_HSI48
RCC.CRSFreq_Value=48000000
RCC.CortexFreq_Value=32000000
RCC.FCLKCortexFreq_Value=32000000
RCC.FamilyName=M
RCC.HCLKFreq_Value=32000000
RCC.HSE_VALUE=8000000
RCC.HSI48_VALUE=48000000
RCC.HSI_VALUE=16000000
RCC.I2C1Freq_Value=32000000
RCC.I2C3Freq_Value=32000000
RCC.IPParameters=ADCFreq_Value,AHBFreq_Value,APB1Freq_Value,APB1TimFreq_Value,APB2Freq_Value,APB2TimFreq_Value,CK48CLockSelection,CRSFreq_Value,CortexFreq_Value,FCLKCortexFreq_Value,FamilyName,HCLKFreq_Value,HSE_VALUE,HSI48_VALUE,HSI_VALUE,I2C1Freq_Value,I2C3Freq_Value,LPTIM1Freq_Value,LPTIM2Freq_Value,LPUART1Freq_Value,LSCOPinFreq_Value,LSI_VALUE,MCO1PinFreq_Value,MSI_VALUE,PLLN,PLLQoutputFreq_Value,PLLRCLKFreq_Value,PWRFreq_Value,RNGFreq_Value,SYSCLKFreq_VALUE,SYSCLKSource,USART1Freq_Value,USART2Freq_Value,USBFreq_Value,VCOInputFreq_Value,VCOOutputFreq_Value
RCC.LPTIM1Freq_Value=32000000
RCC.LPTIM2Freq_Value=32000000
RCC.LPUART1Freq_Value=32000000
RCC.LSCOPinFreq_Value=32000
RCC.LSI_VALUE=32000
RCC.MCO1PinFreq_Value=32000000
RCC.MSI_VALUE=4000000
RCC.PLLN=16
RCC.PLLQoutputFreq_Value=32000000
RCC.PLLRCLKFreq_Value=32000000
RCC.PWRFreq_Value=32000000
RCC.RNGFreq_Value=48000000
RCC.SYSCLKFreq_VALUE=32000000
RCC.SYSCLKSource=RCC_SYSCLKSOURCE_PLLCLK
RCC.USART1Freq_Value=32000000
RCC.USART2Freq_Value=32000000
RCC.USBFreq_Value=48000000
RCC.VCOInputFreq_Value=4000000
RCC.VCOOutputFreq_Value=64000000
SH.ADCx_IN5.0=ADC1_IN5,IN5-Single-Ended
SH.ADCx_IN5.ConfNb=1
SH.ADCx_IN6.0=ADC1_IN6,IN6-Single-Ended
SH.ADCx_IN6.ConfNb=1
SH.GPXTI8.0=GPIO_EXTI8
SH.GPXTI8.ConfNb=1
SPI1.BaudRatePrescaler=SPI_BAUDRATEPRESCALER_16
SPI1.CalculateBaudRate=2.0 MBits/s
SPI1.DataSize=SPI_DATASIZE_8BIT
SPI1.Direction=SPI_DIRECTION_2LINES
SPI1.IPParameters=VirtualType,Mode,Direction,CalculateBaudRate,DataSize,BaudRatePrescaler
SPI1.Mode=SPI_MODE_MASTER
SPI1.VirtualType=VM_MASTER
USB_DEVICE.CLASS_NAME_FS=CDC
USB_DEVICE.IPParameters=VirtualMode,VirtualModeFS,CLASS_NAME_FS,PRODUCT_STRING_CDC_FS
USB_DEVICE.PRODUCT_STRING_CDC_FS=Chaac v7.0
USB_DEVICE.VirtualMode=Cdc
USB_DEVICE.VirtualModeFS=Cdc_FS
VP_IWDG_VS_IWDG.Mode=IWDG_Activate
VP_IWDG_VS_IWDG.Signal=IWDG_VS_IWDG
VP_SYS_VS_tim16.Mode=TIM16
VP_SYS_VS_tim16.Signal=SYS_VS_tim16
VP_USB_DEVICE_VS_USB_DEVICE_CDC_FS.Mode=CDC_FS
VP_USB_DEVICE_VS_USB_DEVICE_CDC_FS.Signal=USB_DEVICE_VS_USB_DEVICE_CDC_FS
board=custom
