#MicroXplorer Configuration settings - do not modify
Mcu.Family=STM32L4
ProjectManager.MainLocation=Core/Src
PA2.GPIO_PuPd=GPIO_NOPULL
PA6.Mode=Full_Duplex_Master
RCC.USART1Freq_Value=80000000
RCC.SAI1Freq_Value=18285714.285714287
USART2.IPParameters=VirtualMode-Asynchronous
RCC.CortexFreq_Value=80000000
ProjectManager.KeepUserCode=true
Mcu.UserName=STM32L476RGTx
SPI1.VirtualType=VM_MASTER
PH0-OSC_IN\ (PH0).Signal=RCC_OSC_IN
PH0-OSC_IN\ (PH0).Locked=true
RCC.PLLSAI1RoutputFreq_Value=64000000
PA3.GPIO_PuPd=GPIO_NOPULL
ProjectManager.functionlistsort=1-MX_GPIO_Init-GPIO-false-HAL-true,2-SystemClock_Config-RCC-false-HAL-false,3-MX_USART2_UART_Init-USART2-false-LL-true
PA9.GPIOParameters=GPIO_Label
PA2.GPIO_Speed=GPIO_SPEED_FREQ_VERY_HIGH
PA13\ (JTMS-SWDIO).Locked=true
PA3.GPIOParameters=GPIO_Speed,GPIO_PuPd,GPIO_Label,GPIO_Mode
PB6.GPIO_Label=RADIO_CS
RCC.USART2Freq_Value=80000000
PC15-OSC32_OUT\ (PC15).Mode=LSE-External-Oscillator
PC13.GPIO_Label=B1 [Blue PushButton]
PA3.GPIO_Speed=GPIO_SPEED_FREQ_VERY_HIGH
PA2.GPIOParameters=GPIO_Speed,GPIO_PuPd,GPIO_Label,GPIO_Mode
PinOutPanel.RotationAngle=0
RCC.MCO1PinFreq_Value=80000000
RCC.SYSCLKSource=RCC_SYSCLKSOURCE_PLLCLK
ProjectManager.StackSize=0x400
PB3\ (JTDO-TRACESWO).Signal=GPIO_Input
PB5.GPIOParameters=GPIO_Label
PC14-OSC32_IN\ (PC14).Mode=LSE-External-Oscillator
SH.GPXTI13.0=GPIO_EXTI13
PA14\ (JTCK-SWCLK).Signal=SYS_JTCK-SWCLK
RCC.I2C3Freq_Value=80000000
RCC.LPTIM1Freq_Value=80000000
Mcu.IP4=USART2
RCC.FCLKCortexFreq_Value=80000000
NVIC.SVCall_IRQn=true\:0\:0\:false\:false\:false\:false\:false
Mcu.IP2=SPI1
Mcu.IP3=SYS
Mcu.IP0=NVIC
Mcu.IP1=RCC
Mcu.UserConstants=
RCC.VCOSAI1OutputFreq_Value=128000000
RCC.SDMMCFreq_Value=64000000
SH.GPXTI13.ConfNb=1
PA14\ (JTCK-SWCLK).GPIOParameters=GPIO_Label
Mcu.ThirdPartyNb=0
SPI1.Direction=SPI_DIRECTION_2LINES
RCC.HCLKFreq_Value=80000000
Mcu.IPNb=5
ProjectManager.PreviousToolchain=
RCC.APB2TimFreq_Value=80000000
PB6.Signal=GPIO_Output
SPI1.CalculateBaudRate=1.25 MBits/s
PA8.GPIOParameters=GPIO_Label
Mcu.Pin6=PA3
RCC.SAI2Freq_Value=18285714.285714287
Mcu.Pin7=PA5
Mcu.Pin8=PA6
Mcu.Pin9=PA7
RCC.AHBFreq_Value=80000000
RCC.PREFETCH_ENABLE=1
Mcu.Pin0=PC13
Mcu.Pin1=PC14-OSC32_IN (PC14)
Mcu.Pin2=PC15-OSC32_OUT (PC15)
Mcu.Pin3=PH0-OSC_IN (PH0)
RCC.USART3Freq_Value=80000000
Mcu.Pin4=PH1-OSC_OUT (PH1)
Mcu.Pin5=PA2
ProjectManager.ProjectBuild=false
RCC.HSE_VALUE=8000000
NVIC.UsageFault_IRQn=true\:0\:0\:false\:false\:true\:true\:false
NVIC.DebugMonitor_IRQn=true\:0\:0\:false\:false\:true\:true\:false
PA8.Locked=true
USART2.VirtualMode-Asynchronous=VM_ASYNC
NVIC.SysTick_IRQn=true\:0\:0\:false\:false\:false\:true\:false
ProjectManager.FirmwarePackage=STM32Cube FW_L4 V1.16.0
MxDb.Version=DB.6.0.0
ProjectManager.BackupPrevious=false
RCC.VCOInputFreq_Value=16000000
VP_SYS_VS_tim1.Mode=TIM1
File.Version=6
PC13.GPIO_PuPd=GPIO_NOPULL
PA8.Signal=GPIO_Output
RCC.PLLRCLKFreq_Value=80000000
PB6.Locked=true
NVIC.PendSV_IRQn=true\:0\:0\:false\:false\:false\:false\:false
PB6.GPIOParameters=GPIO_Label
ProjectManager.HalAssertFull=false
ProjectManager.ProjectName=radio_test
PB4\ (NJTRST).Locked=true
Mcu.Package=LQFP64
PA6.Signal=SPI1_MISO
NVIC.TimeBase=TIM1_UP_TIM16_IRQn
ProjectManager.ToolChainLocation=
PA2.GPIO_Label=USART_TX
RCC.LSI_VALUE=32000
NVIC.TimeBaseIP=TIM1
RCC.LSCOPinFreq_Value=32000
RCC.DFSDMFreq_Value=80000000
PC14-OSC32_IN\ (PC14).Locked=true
PB5.GPIO_Label=RADIO_DIO1
RCC.PLLPoutputFreq_Value=22857142.85714286
RCC.APB1TimFreq_Value=80000000
NVIC.BusFault_IRQn=true\:0\:0\:false\:false\:true\:true\:false
RCC.LPUART1Freq_Value=80000000
PB10.GPIOParameters=GPIO_Label
PA13\ (JTMS-SWDIO).Signal=SYS_JTMS-SWDIO
SPI1.BaudRatePrescaler=SPI_BAUDRATEPRESCALER_64
PA13\ (JTMS-SWDIO).GPIOParameters=GPIO_Label
ProjectManager.CustomerFirmwarePackage=
PB3\ (JTDO-TRACESWO).Locked=true
PA3.Signal=USART2_RX
PA5.Mode=Full_Duplex_Master
PA2.GPIO_Mode=GPIO_MODE_AF_PP
PA2.Locked=true
RCC.MSI_VALUE=4000000
RCC.PLLSourceVirtual=RCC_PLLSOURCE_HSI
PA14\ (JTCK-SWCLK).Mode=Serial_Wire
RCC.PLLQoutputFreq_Value=80000000
ProjectManager.ProjectFileName=radio_test.ioc
PA7.Mode=Full_Duplex_Master
Mcu.PinsNb=20
ProjectManager.NoMain=true
SPI1.IPParameters=VirtualType,Mode,Direction,CalculateBaudRate,BaudRatePrescaler
PC13.Locked=true
PC13.Signal=GPXTI13
PA9.GPIO_Label=RADIO_RXEN
RCC.SWPMI1Freq_Value=80000000
ProjectManager.DefaultFWLocation=true
PC15-OSC32_OUT\ (PC15).Signal=RCC_OSC32_OUT
PA14\ (JTCK-SWCLK).GPIO_Label=TCK
PB3\ (JTDO-TRACESWO).GPIO_Label=RADIO_DIO2
ProjectManager.DeletePrevious=true
PB10.Locked=true
RCC.VCOSAI2OutputFreq_Value=128000000
boardIOC=true
RCC.FamilyName=M
PH1-OSC_OUT\ (PH1).Signal=RCC_OSC_OUT
PA3.Mode=Asynchronous
PB4\ (NJTRST).GPIOParameters=GPIO_Label
PA8.GPIO_Label=RADIO_TXEN
ProjectManager.TargetToolchain=Makefile
PB10.GPIO_Label=RADIO_NRST
PA3.GPIO_Mode=GPIO_MODE_AF_PP
PA9.Signal=GPIO_Output
PB5.Locked=true
ProjectManager.RegisterCallBack=
PC15-OSC32_OUT\ (PC15).Locked=true
RCC.USBFreq_Value=64000000
RCC.PLLSAI1PoutputFreq_Value=18285714.285714287
PB10.Signal=GPIO_Output
RCC.PLLSAI2RoutputFreq_Value=64000000
PA5.Signal=SPI1_SCK
PH1-OSC_OUT\ (PH1).Locked=true
board=NUCLEO-L476RG
RCC.VCOOutputFreq_Value=160000000
ProjectManager.LastFirmware=true
RCC.APB2Freq_Value=80000000
RCC.UART4Freq_Value=80000000
MxCube.Version=6.0.1
PB3\ (JTDO-TRACESWO).GPIOParameters=GPIO_Label
PA13\ (JTMS-SWDIO).GPIO_Label=TMS
RCC.I2C1Freq_Value=80000000
VP_SYS_VS_tim1.Signal=SYS_VS_tim1
SPI1.Mode=SPI_MODE_MASTER
PC13.GPIOParameters=GPIO_PuPd,GPIO_Label,GPIO_ModeDefaultEXTI
RCC.RNGFreq_Value=64000000
RCC.PLLSAI1QoutputFreq_Value=64000000
RCC.ADCFreq_Value=64000000
PA9.Locked=true
NVIC.NonMaskableInt_IRQn=true\:0\:0\:false\:false\:true\:true\:false
RCC.UART5Freq_Value=80000000
ProjectManager.FreePins=false
RCC.IPParameters=ADCFreq_Value,AHBFreq_Value,APB1Freq_Value,APB1TimFreq_Value,APB2Freq_Value,APB2TimFreq_Value,CortexFreq_Value,DFSDMFreq_Value,FCLKCortexFreq_Value,FamilyName,HCLKFreq_Value,HSE_VALUE,HSI_VALUE,I2C1Freq_Value,I2C2Freq_Value,I2C3Freq_Value,LPTIM1Freq_Value,LPTIM2Freq_Value,LPUART1Freq_Value,LSCOPinFreq_Value,LSI_VALUE,MCO1PinFreq_Value,MSI_VALUE,PLLN,PLLPoutputFreq_Value,PLLQoutputFreq_Value,PLLRCLKFreq_Value,PLLSAI1PoutputFreq_Value,PLLSAI1QoutputFreq_Value,PLLSAI1RoutputFreq_Value,PLLSAI2PoutputFreq_Value,PLLSAI2RoutputFreq_Value,PLLSourceVirtual,PREFETCH_ENABLE,PWRFreq_Value,RNGFreq_Value,SAI1Freq_Value,SAI2Freq_Value,SDMMCFreq_Value,SWPMI1Freq_Value,SYSCLKFreq_VALUE,SYSCLKSource,UART4Freq_Value,UART5Freq_Value,USART1Freq_Value,USART2Freq_Value,USART3Freq_Value,USBFreq_Value,VCOInputFreq_Value,VCOOutputFreq_Value,VCOSAI1OutputFreq_Value,VCOSAI2OutputFreq_Value
ProjectManager.AskForMigrate=true
Mcu.Name=STM32L476R(C-E-G)Tx
RCC.LPTIM2Freq_Value=80000000
PA2.Signal=USART2_TX
ProjectManager.UnderRoot=false
ProjectManager.CoupleFile=true
PA13\ (JTMS-SWDIO).Mode=Serial_Wire
RCC.SYSCLKFreq_VALUE=80000000
PB5.Signal=GPIO_Input
PA3.Locked=true
PA14\ (JTCK-SWCLK).Locked=true
NVIC.ForceEnableDMAVector=true
RCC.PLLSAI2PoutputFreq_Value=18285714.285714287
KeepUserPlacement=false
PC13.GPIO_ModeDefaultEXTI=GPIO_MODE_IT_FALLING
PC14-OSC32_IN\ (PC14).Signal=RCC_OSC32_IN
NVIC.MemoryManagement_IRQn=true\:0\:0\:false\:false\:true\:true\:false
ProjectManager.CompilerOptimize=6
ProjectManager.HeapSize=0x200
Mcu.Pin15=PB3 (JTDO-TRACESWO)
NVIC.HardFault_IRQn=true\:0\:0\:false\:false\:true\:true\:false
Mcu.Pin16=PB4 (NJTRST)
Mcu.Pin13=PA13 (JTMS-SWDIO)
Mcu.Pin14=PA14 (JTCK-SWCLK)
Mcu.Pin19=VP_SYS_VS_tim1
ProjectManager.ComputerToolchain=false
Mcu.Pin17=PB5
RCC.HSI_VALUE=16000000
Mcu.Pin18=PB6
NVIC.TIM1_UP_TIM16_IRQn=true\:0\:0\:false\:false\:true\:false\:true
NVIC.PriorityGroup=NVIC_PRIORITYGROUP_4
Mcu.Pin11=PA8
Mcu.Pin12=PA9
RCC.PLLN=10
Mcu.Pin10=PB10
PA2.Mode=Asynchronous
RCC.PWRFreq_Value=80000000
PB4\ (NJTRST).GPIO_Label=RADIO_NRST
RCC.I2C2Freq_Value=80000000
RCC.APB1Freq_Value=80000000
ProjectManager.DeviceId=STM32L476RGTx
ProjectManager.LibraryCopy=1
PA3.GPIO_Label=USART_RX
PA7.Signal=SPI1_MOSI
PB4\ (NJTRST).Signal=GPIO_Input
